
Microsoft Visual Studio Solution File, Format Version 12.00
# Visual Studio Version 17
VisualStudioVersion = 17.9.34622.214
MinimumVisualStudioVersion = 10.0.40219.1
Project("{9A19103F-16F7-4668-BE54-9A1E7A4F7556}") = "SOL.GESDOC.DTO", "SOL.GESDOC.DTO\SOL.GESDOC.DTO.csproj", "{FD941619-255E-4B01-A833-6328237A495A}"
EndProject
Project("{9A19103F-16F7-4668-BE54-9A1E7A4F7556}") = "SOL.GESDOC.SERVICES", "SOL.GESDOC.SERVICES\SOL.GESDOC.SERVICES.csproj", "{99D1C79D-7564-4650-AE82-AE1390C6756D}"
EndProject
Project("{9A19103F-16F7-4668-BE54-9A1E7A4F7556}") = "SOL.GESDOC.API", "SOL.GESDOC.API\SOL.GESDOC.API.csproj", "{2DECC23A-DE2C-432C-B8EA-48E4C3AB3BC8}"
EndProject
Project("{9A19103F-16F7-4668-BE54-9A1E7A4F7556}") = "SOL.GESDOC.REPOSITORY", "SOL.GESDOC.REPOSITORY\SOL.GESDOC.REPOSITORY.csproj", "{9291D2A2-F198-4CAA-9FB8-456379175268}"
EndProject
Global
	GlobalSection(SolutionConfigurationPlatforms) = preSolution
		Debug|Any CPU = Debug|Any CPU
		Release|Any CPU = Release|Any CPU
	EndGlobalSection
	GlobalSection(ProjectConfigurationPlatforms) = postSolution
		{FD941619-255E-4B01-A833-6328237A495A}.Debug|Any CPU.ActiveCfg = Debug|Any CPU
		{FD941619-255E-4B01-A833-6328237A495A}.Debug|Any CPU.Build.0 = Debug|Any CPU
		{FD941619-255E-4B01-A833-6328237A495A}.Release|Any CPU.ActiveCfg = Release|Any CPU
		{FD941619-255E-4B01-A833-6328237A495A}.Release|Any CPU.Build.0 = Release|Any CPU
		{99D1C79D-7564-4650-AE82-AE1390C6756D}.Debug|Any CPU.ActiveCfg = Debug|Any CPU
		{99D1C79D-7564-4650-AE82-AE1390C6756D}.Debug|Any CPU.Build.0 = Debug|Any CPU
		{99D1C79D-7564-4650-AE82-AE1390C6756D}.Release|Any CPU.ActiveCfg = Release|Any CPU
		{99D1C79D-7564-4650-AE82-AE1390C6756D}.Release|Any CPU.Build.0 = Release|Any CPU
		{2DECC23A-DE2C-432C-B8EA-48E4C3AB3BC8}.Debug|Any CPU.ActiveCfg = Debug|Any CPU
		{2DECC23A-DE2C-432C-B8EA-48E4C3AB3BC8}.Debug|Any CPU.Build.0 = Debug|Any CPU
		{2DECC23A-DE2C-432C-B8EA-48E4C3AB3BC8}.Release|Any CPU.ActiveCfg = Release|Any CPU
		{2DECC23A-DE2C-432C-B8EA-48E4C3AB3BC8}.Release|Any CPU.Build.0 = Release|Any CPU
		{9291D2A2-F198-4CAA-9FB8-456379175268}.Debug|Any CPU.ActiveCfg = Debug|Any CPU
		{9291D2A2-F198-4CAA-9FB8-456379175268}.Debug|Any CPU.Build.0 = Debug|Any CPU
		{9291D2A2-F198-4CAA-9FB8-456379175268}.Release|Any CPU.ActiveCfg = Release|Any CPU
		{9291D2A2-F198-4CAA-9FB8-456379175268}.Release|Any CPU.Build.0 = Release|Any CPU
	EndGlobalSection
	GlobalSection(SolutionProperties) = preSolution
		HideSolutionNode = FALSE
	EndGlobalSection
	GlobalSection(ExtensibilityGlobals) = postSolution
		SolutionGuid = {F2525B9B-634B-4386-A1D0-F97DF0A7A23B}
	EndGlobalSection
EndGlobal
